
Microsoft Visual Studio Solution File, Format Version 12.00
# Visual Studio 15
VisualStudioVersion = 15.0.27130.2027
MinimumVisualStudioVersion = 10.0.40219.1
Project("{9A19103F-16F7-4668-BE54-9A1E7A4F7556}") = "Assignment3 GameOfLife", "Assignment3 GameOfLife\Assignment3 GameOfLife.csproj", "{D099A8C5-5AED-4679-B5F7-F042CF314AE5}"
EndProject
Global
	GlobalSection(SolutionConfigurationPlatforms) = preSolution
		Debug|Any CPU = Debug|Any CPU
		Release|Any CPU = Release|Any CPU
	EndGlobalSection
	GlobalSection(ProjectConfigurationPlatforms) = postSolution
		{D099A8C5-5AED-4679-B5F7-F042CF314AE5}.Debug|Any CPU.ActiveCfg = Debug|Any CPU
		{D099A8C5-5AED-4679-B5F7-F042CF314AE5}.Debug|Any CPU.Build.0 = Debug|Any CPU
		{D099A8C5-5AED-4679-B5F7-F042CF314AE5}.Release|Any CPU.ActiveCfg = Release|Any CPU
		{D099A8C5-5AED-4679-B5F7-F042CF314AE5}.Release|Any CPU.Build.0 = Release|Any CPU
	EndGlobalSection
	GlobalSection(SolutionProperties) = preSolution
		HideSolutionNode = FALSE
	EndGlobalSection
	GlobalSection(ExtensibilityGlobals) = postSolution
		SolutionGuid = {337D9B81-E23F-45A1-A646-5AEA27F93DDD}
	EndGlobalSection
EndGlobal
